
Microsoft Visual Studio Solution File, Format Version 12.00
# Visual Studio Version 17
VisualStudioVersion = 17.14.37216.2
MinimumVisualStudioVersion = 10.0.40219.1
Project("{FAE04EC0-301F-11D3-BF4B-00C04F79EFBC}") = "OrdersMicroservice.API", "OrdersMicroservice.API\OrdersMicroservice.API.csproj", "{E3F441B1-2B3F-4E9B-A7CF-86CDB47122DD}"
EndProject
Project("{FAE04EC0-301F-11D3-BF4B-00C04F79EFBC}") = "BusinessLogicLayer", "BusinessLogicLayer\BusinessLogicLayer.csproj", "{6934262F-A775-48C8-8670-429E85933A41}"
EndProject
Project("{FAE04EC0-301F-11D3-BF4B-00C04F79EFBC}") = "DataAccessLayer", "DataAccessLayer\DataAccessLayer.csproj", "{8ED2F4C4-DC60-4EAA-B665-1EC12DDB7D0C}"
EndProject
Project("{E53339B2-1760-4266-BCC7-CA923CBCF16C}") = "docker-compose", "docker-compose.dcproj", "{81DDED9D-158B-E303-5F62-77A2896D2A5A}"
EndProject
Project("{2150E333-8FDC-42A3-9474-1A3956D46DE8}") = "Solution Items", "Solution Items", "{8EC462FD-D22E-90A8-E5CE-7E832BA40C5D}"
	ProjectSection(SolutionItems) = preProject
		mysql-scripts\products.sql = mysql-scripts\products.sql
		readme.md = readme.md
		mongodb-scripts\script.js = mongodb-scripts\script.js
		postgres-scripts\sql1.sql = postgres-scripts\sql1.sql
		postgres-scripts\sql2.sql = postgres-scripts\sql2.sql
	EndProjectSection
EndProject
Global
	GlobalSection(SolutionConfigurationPlatforms) = preSolution
		Debug|Any CPU = Debug|Any CPU
		Release|Any CPU = Release|Any CPU
	EndGlobalSection
	GlobalSection(ProjectConfigurationPlatforms) = postSolution
		{E3F441B1-2B3F-4E9B-A7CF-86CDB47122DD}.Debug|Any CPU.ActiveCfg = Debug|Any CPU
		{E3F441B1-2B3F-4E9B-A7CF-86CDB47122DD}.Debug|Any CPU.Build.0 = Debug|Any CPU
		{E3F441B1-2B3F-4E9B-A7CF-86CDB47122DD}.Release|Any CPU.ActiveCfg = Release|Any CPU
		{E3F441B1-2B3F-4E9B-A7CF-86CDB47122DD}.Release|Any CPU.Build.0 = Release|Any CPU
		{6934262F-A775-48C8-8670-429E85933A41}.Debug|Any CPU.ActiveCfg = Debug|Any CPU
		{6934262F-A775-48C8-8670-429E85933A41}.Debug|Any CPU.Build.0 = Debug|Any CPU
		{6934262F-A775-48C8-8670-429E85933A41}.Release|Any CPU.ActiveCfg = Release|Any CPU
		{6934262F-A775-48C8-8670-429E85933A41}.Release|Any CPU.Build.0 = Release|Any CPU
		{8ED2F4C4-DC60-4EAA-B665-1EC12DDB7D0C}.Debug|Any CPU.ActiveCfg = Debug|Any CPU
		{8ED2F4C4-DC60-4EAA-B665-1EC12DDB7D0C}.Debug|Any CPU.Build.0 = Debug|Any CPU
		{8ED2F4C4-DC60-4EAA-B665-1EC12DDB7D0C}.Release|Any CPU.ActiveCfg = Release|Any CPU
		{8ED2F4C4-DC60-4EAA-B665-1EC12DDB7D0C}.Release|Any CPU.Build.0 = Release|Any CPU
		{81DDED9D-158B-E303-5F62-77A2896D2A5A}.Debug|Any CPU.ActiveCfg = Debug|Any CPU
		{81DDED9D-158B-E303-5F62-77A2896D2A5A}.Debug|Any CPU.Build.0 = Debug|Any CPU
		{81DDED9D-158B-E303-5F62-77A2896D2A5A}.Release|Any CPU.ActiveCfg = Release|Any CPU
		{81DDED9D-158B-E303-5F62-77A2896D2A5A}.Release|Any CPU.Build.0 = Release|Any CPU
	EndGlobalSection
	GlobalSection(SolutionProperties) = preSolution
		HideSolutionNode = FALSE
	EndGlobalSection
	GlobalSection(ExtensibilityGlobals) = postSolution
		SolutionGuid = {3E583513-F2F1-479E-B59E-92D71A75D8DF}
	EndGlobalSection
EndGlobal
